
Microsoft Visual Studio Solution File, Format Version 12.00
# Visual Studio Version 17
VisualStudioVersion = 17.0.31903.59
MinimumVisualStudioVersion = 10.0.40219.1
Project("{FAE04EC0-301F-11D3-BF4B-00C04F79EFBC}") = "BuberDinner.Api", "BuberDinner.Api\BuberDinner.Api.csproj", "{B84C6E14-F871-4248-980A-DF675D219F27}"
EndProject
Project("{FAE04EC0-301F-11D3-BF4B-00C04F79EFBC}") = "BuberDinner.Application", "BuberDinner.Application\BuberDinner.Application.csproj", "{9291F7A1-D76F-4805-B56C-579031C2C347}"
EndProject
Project("{FAE04EC0-301F-11D3-BF4B-00C04F79EFBC}") = "BuberDinner.Contracts", "BuberDinner.Contracts\BuberDinner.Contracts.csproj", "{5D08017E-AC83-4CDD-91CE-DE296938DB6E}"
EndProject
Project("{FAE04EC0-301F-11D3-BF4B-00C04F79EFBC}") = "BuberDinner.Domain", "BuberDinner.Domain\BuberDinner.Domain.csproj", "{03F7D790-D03E-4E4F-B320-4C7E1083D56C}"
EndProject
Project("{FAE04EC0-301F-11D3-BF4B-00C04F79EFBC}") = "BuberDinner.Infrastructure", "BuberDinner.Infrastructure\BuberDinner.Infrastructure.csproj", "{33E67912-4F3D-469A-83D1-AFDE32EB809E}"
EndProject
Global
	GlobalSection(SolutionConfigurationPlatforms) = preSolution
		Debug|Any CPU = Debug|Any CPU
		Release|Any CPU = Release|Any CPU
	EndGlobalSection
	GlobalSection(SolutionProperties) = preSolution
		HideSolutionNode = FALSE
	EndGlobalSection
	GlobalSection(ProjectConfigurationPlatforms) = postSolution
		{B84C6E14-F871-4248-980A-DF675D219F27}.Debug|Any CPU.ActiveCfg = Debug|Any CPU
		{B84C6E14-F871-4248-980A-DF675D219F27}.Debug|Any CPU.Build.0 = Debug|Any CPU
		{B84C6E14-F871-4248-980A-DF675D219F27}.Release|Any CPU.ActiveCfg = Release|Any CPU
		{B84C6E14-F871-4248-980A-DF675D219F27}.Release|Any CPU.Build.0 = Release|Any CPU
		{9291F7A1-D76F-4805-B56C-579031C2C347}.Debug|Any CPU.ActiveCfg = Debug|Any CPU
		{9291F7A1-D76F-4805-B56C-579031C2C347}.Debug|Any CPU.Build.0 = Debug|Any CPU
		{9291F7A1-D76F-4805-B56C-579031C2C347}.Release|Any CPU.ActiveCfg = Release|Any CPU
		{9291F7A1-D76F-4805-B56C-579031C2C347}.Release|Any CPU.Build.0 = Release|Any CPU
		{5D08017E-AC83-4CDD-91CE-DE296938DB6E}.Debug|Any CPU.ActiveCfg = Debug|Any CPU
		{5D08017E-AC83-4CDD-91CE-DE296938DB6E}.Debug|Any CPU.Build.0 = Debug|Any CPU
		{5D08017E-AC83-4CDD-91CE-DE296938DB6E}.Release|Any CPU.ActiveCfg = Release|Any CPU
		{5D08017E-AC83-4CDD-91CE-DE296938DB6E}.Release|Any CPU.Build.0 = Release|Any CPU
		{03F7D790-D03E-4E4F-B320-4C7E1083D56C}.Debug|Any CPU.ActiveCfg = Debug|Any CPU
		{03F7D790-D03E-4E4F-B320-4C7E1083D56C}.Debug|Any CPU.Build.0 = Debug|Any CPU
		{03F7D790-D03E-4E4F-B320-4C7E1083D56C}.Release|Any CPU.ActiveCfg = Release|Any CPU
		{03F7D790-D03E-4E4F-B320-4C7E1083D56C}.Release|Any CPU.Build.0 = Release|Any CPU
		{33E67912-4F3D-469A-83D1-AFDE32EB809E}.Debug|Any CPU.ActiveCfg = Debug|Any CPU
		{33E67912-4F3D-469A-83D1-AFDE32EB809E}.Debug|Any CPU.Build.0 = Debug|Any CPU
		{33E67912-4F3D-469A-83D1-AFDE32EB809E}.Release|Any CPU.ActiveCfg = Release|Any CPU
		{33E67912-4F3D-469A-83D1-AFDE32EB809E}.Release|Any CPU.Build.0 = Release|Any CPU
	EndGlobalSection
EndGlobal
